
Microsoft Visual Studio Solution File, Format Version 12.00
# Visual Studio Version 16
VisualStudioVersion = 16.0.30225.117
MinimumVisualStudioVersion = 10.0.40219.1
Project("{FAE04EC0-301F-11D3-BF4B-00C04F79EFBC}") = "RozgrywkiAkademickie4", "RozgrywkiAkademickie4\RozgrywkiAkademickie4.csproj", "{80712FA2-2EA2-4214-9019-AEFC82063898}"
EndProject
Global
	GlobalSection(SolutionConfigurationPlatforms) = preSolution
		Debug|Any CPU = Debug|Any CPU
		Release|Any CPU = Release|Any CPU
	EndGlobalSection
	GlobalSection(ProjectConfigurationPlatforms) = postSolution
		{80712FA2-2EA2-4214-9019-AEFC82063898}.Debug|Any CPU.ActiveCfg = Debug|Any CPU
		{80712FA2-2EA2-4214-9019-AEFC82063898}.Debug|Any CPU.Build.0 = Debug|Any CPU
		{80712FA2-2EA2-4214-9019-AEFC82063898}.Release|Any CPU.ActiveCfg = Release|Any CPU
		{80712FA2-2EA2-4214-9019-AEFC82063898}.Release|Any CPU.Build.0 = Release|Any CPU
	EndGlobalSection
	GlobalSection(SolutionProperties) = preSolution
		HideSolutionNode = FALSE
	EndGlobalSection
	GlobalSection(ExtensibilityGlobals) = postSolution
		SolutionGuid = {72B162DA-6622-45F4-A2DE-3FE69D874800}
	EndGlobalSection
EndGlobal
